
Microsoft Visual Studio Solution File, Format Version 12.00
# Visual Studio Version 17
VisualStudioVersion = 17.1.31911.260
MinimumVisualStudioVersion = 10.0.40219.1
Project("{FAE04EC0-301F-11D3-BF4B-00C04F79EFBC}") = "Drawsy", "Drawsy\Drawsy.csproj", "{5668B569-F764-4B3D-8AEB-50A0C002AC97}"
EndProject
Global
	GlobalSection(SolutionConfigurationPlatforms) = preSolution
		Debug|Any CPU = Debug|Any CPU
		Release|Any CPU = Release|Any CPU
	EndGlobalSection
	GlobalSection(ProjectConfigurationPlatforms) = postSolution
		{5668B569-F764-4B3D-8AEB-50A0C002AC97}.Debug|Any CPU.ActiveCfg = Debug|Any CPU
		{5668B569-F764-4B3D-8AEB-50A0C002AC97}.Debug|Any CPU.Build.0 = Debug|Any CPU
		{5668B569-F764-4B3D-8AEB-50A0C002AC97}.Release|Any CPU.ActiveCfg = Release|Any CPU
		{5668B569-F764-4B3D-8AEB-50A0C002AC97}.Release|Any CPU.Build.0 = Release|Any CPU
	EndGlobalSection
	GlobalSection(SolutionProperties) = preSolution
		HideSolutionNode = FALSE
	EndGlobalSection
	GlobalSection(ExtensibilityGlobals) = postSolution
		SolutionGuid = {DF43D64B-B251-46FF-BA31-42DBE52A0827}
	EndGlobalSection
EndGlobal
